
Microsoft Visual Studio Solution File, Format Version 12.00
# Visual Studio 14
VisualStudioVersion = 14.0.25420.1
MinimumVisualStudioVersion = 10.0.40219.1
Project("{FAE04EC0-301F-11D3-BF4B-00C04F79EFBC}") = "ITTSportsCarnivalApp", "ITTSportsCarnivalApp\ITTSportsCarnivalApp.csproj", "{9DA23582-1009-44A5-BF82-551051F9F43C}"
EndProject
Project("{FAE04EC0-301F-11D3-BF4B-00C04F79EFBC}") = "SportsCarnivalClient", "SportsCarnivalClient\SportsCarnivalClient.csproj", "{2423EFB7-F0FE-41DD-9BBC-CDB669B01B05}"
EndProject
Project("{FAE04EC0-301F-11D3-BF4B-00C04F79EFBC}") = "CommunicationProtocolProject", "CommunicationProtocolProject\CommunicationProtocolProject.csproj", "{C32DEA77-F626-40A7-8B90-11E90C1A3D5B}"
EndProject
Project("{FAE04EC0-301F-11D3-BF4B-00C04F79EFBC}") = "ITTSportsCarnivalTests", "ITTSportsCarnivalTests\ITTSportsCarnivalTests.csproj", "{4CB3DCA2-14F5-48B1-9137-0D763AF274DF}"
EndProject
Global
	GlobalSection(SolutionConfigurationPlatforms) = preSolution
		Debug|Any CPU = Debug|Any CPU
		Release|Any CPU = Release|Any CPU
	EndGlobalSection
	GlobalSection(ProjectConfigurationPlatforms) = postSolution
		{9DA23582-1009-44A5-BF82-551051F9F43C}.Debug|Any CPU.ActiveCfg = Debug|Any CPU
		{9DA23582-1009-44A5-BF82-551051F9F43C}.Debug|Any CPU.Build.0 = Debug|Any CPU
		{9DA23582-1009-44A5-BF82-551051F9F43C}.Release|Any CPU.ActiveCfg = Release|Any CPU
		{9DA23582-1009-44A5-BF82-551051F9F43C}.Release|Any CPU.Build.0 = Release|Any CPU
		{2423EFB7-F0FE-41DD-9BBC-CDB669B01B05}.Debug|Any CPU.ActiveCfg = Debug|Any CPU
		{2423EFB7-F0FE-41DD-9BBC-CDB669B01B05}.Debug|Any CPU.Build.0 = Debug|Any CPU
		{2423EFB7-F0FE-41DD-9BBC-CDB669B01B05}.Release|Any CPU.ActiveCfg = Release|Any CPU
		{2423EFB7-F0FE-41DD-9BBC-CDB669B01B05}.Release|Any CPU.Build.0 = Release|Any CPU
		{C32DEA77-F626-40A7-8B90-11E90C1A3D5B}.Debug|Any CPU.ActiveCfg = Debug|Any CPU
		{C32DEA77-F626-40A7-8B90-11E90C1A3D5B}.Debug|Any CPU.Build.0 = Debug|Any CPU
		{C32DEA77-F626-40A7-8B90-11E90C1A3D5B}.Release|Any CPU.ActiveCfg = Release|Any CPU
		{C32DEA77-F626-40A7-8B90-11E90C1A3D5B}.Release|Any CPU.Build.0 = Release|Any CPU
		{4CB3DCA2-14F5-48B1-9137-0D763AF274DF}.Debug|Any CPU.ActiveCfg = Debug|Any CPU
		{4CB3DCA2-14F5-48B1-9137-0D763AF274DF}.Debug|Any CPU.Build.0 = Debug|Any CPU
		{4CB3DCA2-14F5-48B1-9137-0D763AF274DF}.Release|Any CPU.ActiveCfg = Release|Any CPU
		{4CB3DCA2-14F5-48B1-9137-0D763AF274DF}.Release|Any CPU.Build.0 = Release|Any CPU
	EndGlobalSection
	GlobalSection(SolutionProperties) = preSolution
		HideSolutionNode = FALSE
	EndGlobalSection
EndGlobal
